github.com/gaigals/gotags v0.1.4 h1:2HgHXIlRtvJg9qShgc6wlCotad454koJiwIcITGcdVo=
github.com/gaigals/gotags v0.1.4/go.mod h1:IjGa7//tcUiyA8jasJjj7pmeZo/BwCDY9VZ8JdG7CQw=
github.com/gaigals/gotags v0.1.5-beta h1:mq0a6tvSCMlo2aV80O3+P8WS/wnJHzBNcMqyPPQSeGQ=
github.com/gaigals/gotags v0.1.5-beta/go.mod h1:IjGa7//tcUiyA8jasJjj7pmeZo/BwCDY9VZ8JdG7CQw=
github.com/go-test/deep v1.1.0 h1:WOcxcdHcvdgThNXjw0t76K42FXTU7HpNQWHpA2HHNlg=
github.com/go-test/deep v1.1.0/go.mod h1:5C2ZWiW0ErCdrYzpqxLbTX7MG14M9iiw8DgHncVwcsE=
github.com/spf13/cast v1.5.1 h1:R+kOtfhWQE6TVQzY+4D7wJLBgkdVasCEFxSUBYBYIlA=
github.com/spf13/cast v1.5.1/go.mod h1:b9PdjNptOpzXr7Rq1q9gJML/2cdGQAo69NKzQ10KN48=
